<?xml version="1.0" encoding="utf-8"?>
<Project ToolsVersion="Current" xmlns="http://schemas.microsoft.com/developer/msbuild/2003">
  <ItemGroup>
    <None Include="http\index.html" />
    <None Include="http\view.html" />
    <None Include="http\bbs\index.php">
      <Filter>bbs</Filter>
    </None>
    <None Include="http\fermi\index.html">
      <Filter>fermi</Filter>
    </None>
    <None Include="http\hajimeni\index.html">
      <Filter>hajimeni</Filter>
    </None>
    <None Include="http\hajimeni\view.php">
      <Filter>hajimeni</Filter>
    </None>
    <None Include="http\simulator\simulate.php">
      <Filter>simulator</Filter>
    </None>
    <None Include="http\simulator\index.html">
      <Filter>simulator</Filter>
    </None>
    <None Include="http\submit\index.php">
      <Filter>submit</Filter>
    </None>
  </ItemGroup>
  <ItemGroup>
    <Filter Include="bbs">
      <UniqueIdentifier>{354f199c-ecd8-4c15-9d56-57f04be6f16f}</UniqueIdentifier>
    </Filter>
    <Filter Include="fermi">
      <UniqueIdentifier>{f67c346c-d7ef-4668-86f1-f83a5f55ff4e}</UniqueIdentifier>
    </Filter>
    <Filter Include="simulator">
      <UniqueIdentifier>{19daac17-7c6a-4f84-a848-c5a5d1472442}</UniqueIdentifier>
    </Filter>
    <Filter Include="hajimeni">
      <UniqueIdentifier>{53a92676-6b43-49ee-9d6b-1e46f7cbb972}</UniqueIdentifier>
    </Filter>
    <Filter Include="submit">
      <UniqueIdentifier>{b0f82cee-ff5c-49c8-a618-b1f75aec57e1}</UniqueIdentifier>
    </Filter>
  </ItemGroup>
</Project>